{
  "name": "react-next-js-todo-project",
  "version": "0.0.0",
  "lockfileVersion": 2,
  "requires": true,
  "packages": {
    "": {
      "name": "react-next-js-todo-project",
      "version": "0.0.0",
      "workspaces": [
        "apps/*",
        "packages/*"
      ],
      "devDependencies": {
        "prettier": "^2.5.1",
        "turbo": "^1.3.1"
      },
      "engines": {
        "node": ">=14.0.0",
        "npm": ">=7.0.0"
      }
    },
    "node_modules/prettier": {
      "version": "2.8.3",
      "resolved": "https://registry.npmjs.org/prettier/-/prettier-2.8.3.tgz",
      "integrity": "sha512-tJ/oJ4amDihPoufT5sM0Z1SKEuKay8LfVAMlbbhnnkvt6BUserZylqo2PN+p9KeljLr0OHa2rXHU1T8reeoTrw==",
      "dev": true,
      "bin": {
        "prettier": "bin-prettier.js"
      },
      "engines": {
        "node": ">=10.13.0"
      },
      "funding": {
        "url": "https://github.com/prettier/prettier?sponsor=1"
      }
    },
    "node_modules/turbo": {
      "version": "1.7.0",
      "resolved": "https://registry.npmjs.org/turbo/-/turbo-1.7.0.tgz",
      "integrity": "sha512-cwympNwQNnQZ/TffBd8yT0i0O10Cf/hlxccCYgUcwhcGEb9rDjE5thDbHoHw1hlJQUF/5ua7ERJe7Zr0lNE/ww==",
      "dev": true,
      "hasInstallScript": true,
      "bin": {
        "turbo": "bin/turbo"
      },
      "optionalDependencies": {
        "turbo-darwin-64": "1.7.0",
        "turbo-darwin-arm64": "1.7.0",
        "turbo-linux-64": "1.7.0",
        "turbo-linux-arm64": "1.7.0",
        "turbo-windows-64": "1.7.0",
        "turbo-windows-arm64": "1.7.0"
      }
    },
    "node_modules/turbo-darwin-64": {
      "version": "1.7.0",
      "resolved": "https://registry.npmjs.org/turbo-darwin-64/-/turbo-darwin-64-1.7.0.tgz",
      "integrity": "sha512-hSGAueSf5Ko8J67mpqjpt9FsP6ePn1nMcl7IVPoJq5dHsgX3anCP/BPlexJ502bNK+87DDyhQhJ/LPSJXKrSYQ==",
      "cpu": [
        "x64"
      ],
      "dev": true,
      "optional": true,
      "os": [
        "darwin"
      ]
    },
    "node_modules/turbo-darwin-arm64": {
      "version": "1.7.0",
      "resolved": "https://registry.npmjs.org/turbo-darwin-arm64/-/turbo-darwin-arm64-1.7.0.tgz",
      "integrity": "sha512-BLLOW5W6VZxk5+0ZOj5AO1qjM0P5isIgjbEuyAl8lHZ4s9antUbY4CtFrspT32XxPTYoDl4UjviPMcSsbcl3WQ==",
      "cpu": [
        "arm64"
      ],
      "dev": true,
      "optional": true,
      "os": [
        "darwin"
      ]
    },
    "node_modules/turbo-linux-64": {
      "version": "1.7.0",
      "resolved": "https://registry.npmjs.org/turbo-linux-64/-/turbo-linux-64-1.7.0.tgz",
      "integrity": "sha512-aw2qxmfZa+kT87SB3GNUoFimqEPzTlzlRqhPgHuAAT6Uf0JHnmebPt4K+ZPtDNl5yfVmtB05bhHPqw+5QV97Yg==",
      "cpu": [
        "x64"
      ],
      "dev": true,
      "optional": true,
      "os": [
        "linux"
      ]
    },
    "node_modules/turbo-linux-arm64": {
      "version": "1.7.0",
      "resolved": "https://registry.npmjs.org/turbo-linux-arm64/-/turbo-linux-arm64-1.7.0.tgz",
      "integrity": "sha512-AJEx2jX+zO5fQtJpO3r6uhTabj4oSA5ZhB7zTs/rwu/XqoydsvStA4X8NDW4poTbOjF7DcSHizqwi04tSMzpJw==",
      "cpu": [
        "arm64"
      ],
      "dev": true,
      "optional": true,
      "os": [
        "linux"
      ]
    },
    "node_modules/turbo-windows-64": {
      "version": "1.7.0",
      "resolved": "https://registry.npmjs.org/turbo-windows-64/-/turbo-windows-64-1.7.0.tgz",
      "integrity": "sha512-ewj7PPv2uxqv0r31hgnBa3E5qwUu7eyVRP5M1gB/TJXfSHduU79gbxpKCyxIZv2fL/N2/3U7EPOQPSZxBAoljA==",
      "cpu": [
        "x64"
      ],
      "dev": true,
      "optional": true,
      "os": [
        "win32"
      ]
    },
    "node_modules/turbo-windows-arm64": {
      "version": "1.7.0",
      "resolved": "https://registry.npmjs.org/turbo-windows-arm64/-/turbo-windows-arm64-1.7.0.tgz",
      "integrity": "sha512-LzjOUzveWkvTD0jP8DBMYiAnYemmydsvqxdSmsUapHHJkl6wKZIOQNSO7pxsy+9XM/1/+0f9Y9F9ZNl5lePTEA==",
      "cpu": [
        "arm64"
      ],
      "dev": true,
      "optional": true,
      "os": [
        "win32"
      ]
    }
  },
  "dependencies": {
    "prettier": {
      "version": "2.8.3",
      "resolved": "https://registry.npmjs.org/prettier/-/prettier-2.8.3.tgz",
      "integrity": "sha512-tJ/oJ4amDihPoufT5sM0Z1SKEuKay8LfVAMlbbhnnkvt6BUserZylqo2PN+p9KeljLr0OHa2rXHU1T8reeoTrw==",
      "dev": true
    },
    "turbo": {
      "version": "1.7.0",
      "resolved": "https://registry.npmjs.org/turbo/-/turbo-1.7.0.tgz",
      "integrity": "sha512-cwympNwQNnQZ/TffBd8yT0i0O10Cf/hlxccCYgUcwhcGEb9rDjE5thDbHoHw1hlJQUF/5ua7ERJe7Zr0lNE/ww==",
      "dev": true,
      "requires": {
        "turbo-darwin-64": "1.7.0",
        "turbo-darwin-arm64": "1.7.0",
        "turbo-linux-64": "1.7.0",
        "turbo-linux-arm64": "1.7.0",
        "turbo-windows-64": "1.7.0",
        "turbo-windows-arm64": "1.7.0"
      }
    },
    "turbo-darwin-64": {
      "version": "1.7.0",
      "resolved": "https://registry.npmjs.org/turbo-darwin-64/-/turbo-darwin-64-1.7.0.tgz",
      "integrity": "sha512-hSGAueSf5Ko8J67mpqjpt9FsP6ePn1nMcl7IVPoJq5dHsgX3anCP/BPlexJ502bNK+87DDyhQhJ/LPSJXKrSYQ==",
      "dev": true,
      "optional": true
    },
    "turbo-darwin-arm64": {
      "version": "1.7.0",
      "resolved": "https://registry.npmjs.org/turbo-darwin-arm64/-/turbo-darwin-arm64-1.7.0.tgz",
      "integrity": "sha512-BLLOW5W6VZxk5+0ZOj5AO1qjM0P5isIgjbEuyAl8lHZ4s9antUbY4CtFrspT32XxPTYoDl4UjviPMcSsbcl3WQ==",
      "dev": true,
      "optional": true
    },
    "turbo-linux-64": {
      "version": "1.7.0",
      "resolved": "https://registry.npmjs.org/turbo-linux-64/-/turbo-linux-64-1.7.0.tgz",
      "integrity": "sha512-aw2qxmfZa+kT87SB3GNUoFimqEPzTlzlRqhPgHuAAT6Uf0JHnmebPt4K+ZPtDNl5yfVmtB05bhHPqw+5QV97Yg==",
      "dev": true,
      "optional": true
    },
    "turbo-linux-arm64": {
      "version": "1.7.0",
      "resolved": "https://registry.npmjs.org/turbo-linux-arm64/-/turbo-linux-arm64-1.7.0.tgz",
      "integrity": "sha512-AJEx2jX+zO5fQtJpO3r6uhTabj4oSA5ZhB7zTs/rwu/XqoydsvStA4X8NDW4poTbOjF7DcSHizqwi04tSMzpJw==",
      "dev": true,
      "optional": true
    },
    "turbo-windows-64": {
      "version": "1.7.0",
      "resolved": "https://registry.npmjs.org/turbo-windows-64/-/turbo-windows-64-1.7.0.tgz",
      "integrity": "sha512-ewj7PPv2uxqv0r31hgnBa3E5qwUu7eyVRP5M1gB/TJXfSHduU79gbxpKCyxIZv2fL/N2/3U7EPOQPSZxBAoljA==",
      "dev": true,
      "optional": true
    },
    "turbo-windows-arm64": {
      "version": "1.7.0",
      "resolved": "https://registry.npmjs.org/turbo-windows-arm64/-/turbo-windows-arm64-1.7.0.tgz",
      "integrity": "sha512-LzjOUzveWkvTD0jP8DBMYiAnYemmydsvqxdSmsUapHHJkl6wKZIOQNSO7pxsy+9XM/1/+0f9Y9F9ZNl5lePTEA==",
      "dev": true,
      "optional": true
    }
  }
}
